
Microsoft Visual Studio Solution File, Format Version 12.00
# Visual Studio Version 17
VisualStudioVersion = 17.0.31903.59
MinimumVisualStudioVersion = 10.0.40219.1
Project("{FAE04EC0-301F-11D3-BF4B-00C04F79EFBC}") = "API", "API\API.csproj", "{07ED969E-EB0A-48CE-8D61-E3FB41367DD8}"
EndProject
Project("{FAE04EC0-301F-11D3-BF4B-00C04F79EFBC}") = "Core", "Core\Core.csproj", "{1D74A41A-AB64-4473-B77D-A9E10C1146E7}"
EndProject
Project("{FAE04EC0-301F-11D3-BF4B-00C04F79EFBC}") = "Infrastructure", "Infrastructure\Infrastructure.csproj", "{117B7F6A-F449-4ACF-A6E7-C7385AAAAD6F}"
EndProject
Global
	GlobalSection(SolutionConfigurationPlatforms) = preSolution
		Debug|Any CPU = Debug|Any CPU
		Release|Any CPU = Release|Any CPU
	EndGlobalSection
	GlobalSection(SolutionProperties) = preSolution
		HideSolutionNode = FALSE
	EndGlobalSection
	GlobalSection(ProjectConfigurationPlatforms) = postSolution
		{07ED969E-EB0A-48CE-8D61-E3FB41367DD8}.Debug|Any CPU.ActiveCfg = Debug|Any CPU
		{07ED969E-EB0A-48CE-8D61-E3FB41367DD8}.Debug|Any CPU.Build.0 = Debug|Any CPU
		{07ED969E-EB0A-48CE-8D61-E3FB41367DD8}.Release|Any CPU.ActiveCfg = Release|Any CPU
		{07ED969E-EB0A-48CE-8D61-E3FB41367DD8}.Release|Any CPU.Build.0 = Release|Any CPU
		{1D74A41A-AB64-4473-B77D-A9E10C1146E7}.Debug|Any CPU.ActiveCfg = Debug|Any CPU
		{1D74A41A-AB64-4473-B77D-A9E10C1146E7}.Debug|Any CPU.Build.0 = Debug|Any CPU
		{1D74A41A-AB64-4473-B77D-A9E10C1146E7}.Release|Any CPU.ActiveCfg = Release|Any CPU
		{1D74A41A-AB64-4473-B77D-A9E10C1146E7}.Release|Any CPU.Build.0 = Release|Any CPU
		{117B7F6A-F449-4ACF-A6E7-C7385AAAAD6F}.Debug|Any CPU.ActiveCfg = Debug|Any CPU
		{117B7F6A-F449-4ACF-A6E7-C7385AAAAD6F}.Debug|Any CPU.Build.0 = Debug|Any CPU
		{117B7F6A-F449-4ACF-A6E7-C7385AAAAD6F}.Release|Any CPU.ActiveCfg = Release|Any CPU
		{117B7F6A-F449-4ACF-A6E7-C7385AAAAD6F}.Release|Any CPU.Build.0 = Release|Any CPU
	EndGlobalSection
EndGlobal
